
Microsoft Visual Studio Solution File, Format Version 12.00
# Visual Studio Version 16
VisualStudioVersion = 16.0.31515.178
MinimumVisualStudioVersion = 10.0.40219.1
Project("{FAE04EC0-301F-11D3-BF4B-00C04F79EFBC}") = "AuthorizationJWTTeam2", "AuthorizationJWTTeam2.csproj", "{1CFD942F-FFF3-4660-90E4-712E3E6E601F}"
EndProject
Global
	GlobalSection(SolutionConfigurationPlatforms) = preSolution
		Debug|Any CPU = Debug|Any CPU
		Release|Any CPU = Release|Any CPU
	EndGlobalSection
	GlobalSection(ProjectConfigurationPlatforms) = postSolution
		{1CFD942F-FFF3-4660-90E4-712E3E6E601F}.Debug|Any CPU.ActiveCfg = Debug|Any CPU
		{1CFD942F-FFF3-4660-90E4-712E3E6E601F}.Debug|Any CPU.Build.0 = Debug|Any CPU
		{1CFD942F-FFF3-4660-90E4-712E3E6E601F}.Release|Any CPU.ActiveCfg = Release|Any CPU
		{1CFD942F-FFF3-4660-90E4-712E3E6E601F}.Release|Any CPU.Build.0 = Release|Any CPU
	EndGlobalSection
	GlobalSection(SolutionProperties) = preSolution
		HideSolutionNode = FALSE
	EndGlobalSection
	GlobalSection(ExtensibilityGlobals) = postSolution
		SolutionGuid = {203DACE1-BAA9-4C87-A342-597B4733EF6D}
	EndGlobalSection
EndGlobal
